
Microsoft Visual Studio Solution File, Format Version 12.00
# Visual Studio 15
VisualStudioVersion = 15.0.26730.16
MinimumVisualStudioVersion = 10.0.40219.1
Project("{8BC9CEB8-8B4A-11D0-8D11-00A0C91BC942}") = "Project6", "Project6\Project6.vcxproj", "{158054B1-A1A3-4EA8-9F20-D43365717B29}"
EndProject
Global
	GlobalSection(SolutionConfigurationPlatforms) = preSolution
		Debug|x64 = Debug|x64
		Debug|x86 = Debug|x86
		Release|x64 = Release|x64
		Release|x86 = Release|x86
	EndGlobalSection
	GlobalSection(ProjectConfigurationPlatforms) = postSolution
		{158054B1-A1A3-4EA8-9F20-D43365717B29}.Debug|x64.ActiveCfg = Debug|x64
		{158054B1-A1A3-4EA8-9F20-D43365717B29}.Debug|x64.Build.0 = Debug|x64
		{158054B1-A1A3-4EA8-9F20-D43365717B29}.Debug|x86.ActiveCfg = Debug|Win32
		{158054B1-A1A3-4EA8-9F20-D43365717B29}.Debug|x86.Build.0 = Debug|Win32
		{158054B1-A1A3-4EA8-9F20-D43365717B29}.Release|x64.ActiveCfg = Release|x64
		{158054B1-A1A3-4EA8-9F20-D43365717B29}.Release|x64.Build.0 = Release|x64
		{158054B1-A1A3-4EA8-9F20-D43365717B29}.Release|x86.ActiveCfg = Release|Win32
		{158054B1-A1A3-4EA8-9F20-D43365717B29}.Release|x86.Build.0 = Release|Win32
	EndGlobalSection
	GlobalSection(SolutionProperties) = preSolution
		HideSolutionNode = FALSE
	EndGlobalSection
	GlobalSection(ExtensibilityGlobals) = postSolution
		SolutionGuid = {EF729E93-E413-4A0A-BF1C-4B9DD56423F5}
	EndGlobalSection
EndGlobal
